
Microsoft Visual Studio Solution File, Format Version 12.00
# Visual Studio Version 17
VisualStudioVersion = 17.8.34330.188
MinimumVisualStudioVersion = 10.0.40219.1
Project("{9A19103F-16F7-4668-BE54-9A1E7A4F7556}") = "abp", "abp\abp.csproj", "{85214ADF-28F1-4BC2-95AE-19CDEDADD011}"
EndProject
Global
	GlobalSection(SolutionConfigurationPlatforms) = preSolution
		Debug|Any CPU = Debug|Any CPU
		Release|Any CPU = Release|Any CPU
	EndGlobalSection
	GlobalSection(ProjectConfigurationPlatforms) = postSolution
		{85214ADF-28F1-4BC2-95AE-19CDEDADD011}.Debug|Any CPU.ActiveCfg = Debug|Any CPU
		{85214ADF-28F1-4BC2-95AE-19CDEDADD011}.Debug|Any CPU.Build.0 = Debug|Any CPU
		{85214ADF-28F1-4BC2-95AE-19CDEDADD011}.Release|Any CPU.ActiveCfg = Release|Any CPU
		{85214ADF-28F1-4BC2-95AE-19CDEDADD011}.Release|Any CPU.Build.0 = Release|Any CPU
	EndGlobalSection
	GlobalSection(SolutionProperties) = preSolution
		HideSolutionNode = FALSE
	EndGlobalSection
	GlobalSection(ExtensibilityGlobals) = postSolution
		SolutionGuid = {146856E3-12F1-4D88-B97F-1102C687BC88}
	EndGlobalSection
EndGlobal
